
Microsoft Visual Studio Solution File, Format Version 12.00
# Visual Studio Version 17
VisualStudioVersion = 17.0.32126.317
MinimumVisualStudioVersion = 10.0.40219.1
Project("{9092AA53-FB77-4645-B42D-1CCCA6BD08BD}") = "CCS.js", "CCS.js.njsproj", "{BEF7C453-8240-4E45-A003-57849A51F12A}"
EndProject
Global
	GlobalSection(SolutionConfigurationPlatforms) = preSolution
		Debug|Any CPU = Debug|Any CPU
		Release|Any CPU = Release|Any CPU
	EndGlobalSection
	GlobalSection(ProjectConfigurationPlatforms) = postSolution
		{BEF7C453-8240-4E45-A003-57849A51F12A}.Debug|Any CPU.ActiveCfg = Debug|Any CPU
		{BEF7C453-8240-4E45-A003-57849A51F12A}.Debug|Any CPU.Build.0 = Debug|Any CPU
		{BEF7C453-8240-4E45-A003-57849A51F12A}.Release|Any CPU.ActiveCfg = Release|Any CPU
		{BEF7C453-8240-4E45-A003-57849A51F12A}.Release|Any CPU.Build.0 = Release|Any CPU
	EndGlobalSection
	GlobalSection(SolutionProperties) = preSolution
		HideSolutionNode = FALSE
	EndGlobalSection
	GlobalSection(ExtensibilityGlobals) = postSolution
		SolutionGuid = {2E12B3C9-92C5-4FBA-B0E5-D63A89EDCEC6}
	EndGlobalSection
EndGlobal
