{
  "name": "ccs.js",
  "version": "0.0.0",
  "lockfileVersion": 2,
  "requires": true,
  "packages": {
    "": {
      "name": "ccs.js",
      "version": "0.0.0",
      "dependencies": {
        "cornerstone-core": "^2.6.1",
        "cornerstone-math": "^0.1.9",
        "cornerstone-tools": "^6.0.6",
        "cornerstone-wado-image-loader": "^4.1.2",
        "cornerstone-web-image-loader": "^2.1.1",
        "dicom-parser": "^1.8.13",
        "hammerjs": "^2.0.8"
      }
    },
    "node_modules/@babel/runtime": {
      "version": "7.1.2",
      "resolved": "https://registry.npmjs.org/@babel/runtime/-/runtime-7.1.2.tgz",
      "integrity": "sha512-Y3SCjmhSupzFB6wcv1KmmFucH6gDVnI30WjOcicV10ju0cZjak3Jcs67YLIXBrmZYw1xCrVeJPbycFwrqNyxpg==",
      "dependencies": {
        "regenerator-runtime": "^0.12.0"
      }
    },
    "node_modules/@cornerstonejs/codec-charls": {
      "version": "0.1.1",
      "resolved": "https://registry.npmjs.org/@cornerstonejs/codec-charls/-/codec-charls-0.1.1.tgz",
      "integrity": "sha512-Y250DGVzmownJ7WgpHxNqWvfTnv4/malaKm/tWm0xE1FxhQE8iErMWFpKxpNDk3MdfXO4/98piVsUwmJMiWoDQ=="
    },
    "node_modules/@cornerstonejs/codec-libjpeg-turbo-8bit": {
      "version": "0.0.7",
      "resolved": "https://registry.npmjs.org/@cornerstonejs/codec-libjpeg-turbo-8bit/-/codec-libjpeg-turbo-8bit-0.0.7.tgz",
      "integrity": "sha512-qgm6BuVAy5mNP8SJ+A6+VbmPnqgj8jPvJrw4HbUoAzndmf9/VHjTYwawn3kmZWya5ErFAsXQ6c0U0noB1LKAiA=="
    },
    "node_modules/@cornerstonejs/codec-openjpeg": {
      "version": "0.1.1",
      "resolved": "https://registry.npmjs.org/@cornerstonejs/codec-openjpeg/-/codec-openjpeg-0.1.1.tgz",
      "integrity": "sha512-HOMMOLV6xy8O/agNGGvrl0a8DwShpBvWxAzEzv2pqq12d3r5z/3MyIgNA3Oj/8bIBVvvVXxh9RX7rMDRHJdowg=="
    },
    "node_modules/cornerstone-core": {
      "version": "2.6.1",
      "resolved": "https://registry.npmjs.org/cornerstone-core/-/cornerstone-core-2.6.1.tgz",
      "integrity": "sha512-LAXjXwNnK2W65ZxpE7phVLjbijkYUrAQIGv5xqKjK8+dmIGlBxqvPHnyGwEqVDyKOWVrpXP6ymUPwrGGRwzgMg=="
    },
    "node_modules/cornerstone-math": {
      "version": "0.1.9",
      "resolved": "https://registry.npmjs.org/cornerstone-math/-/cornerstone-math-0.1.9.tgz",
      "integrity": "sha512-NxdooV73asEQgav1S+0e+a4K+W3CXJdLXyFkVN24qqCtmIpzZzwtw3F9KWPCekzSAJmbhtQ3HicOQj3d4vRtuw=="
    },
    "node_modules/cornerstone-tools": {
      "version": "6.0.6",
      "resolved": "https://registry.npmjs.org/cornerstone-tools/-/cornerstone-tools-6.0.6.tgz",
      "integrity": "sha512-t+yksdByljoP/X7CBHfSzmZmLk1o9QCg4CmzspIG6mkRRmZeMf5hxgaM3u0pBdjK1JyxZwzMbavbyl5DG7KxpA==",
      "dependencies": {
        "@babel/runtime": "7.1.2",
        "cornerstone-math": "0.1.9"
      },
      "engines": {
        "node": ">=8.16.0"
      },
      "peerDependencies": {
        "cornerstone-core": "^2.6.0"
      }
    },
    "node_modules/cornerstone-wado-image-loader": {
      "version": "4.1.2",
      "resolved": "https://registry.npmjs.org/cornerstone-wado-image-loader/-/cornerstone-wado-image-loader-4.1.2.tgz",
      "integrity": "sha512-9dtCgU6Lidp5wY914rNUckLqNHmjvIzL3uYU8b3EMqb9+tfTRQINm0kJq/rgchiyxnc1AW3FhrDf9DYgcfspyQ==",
      "dependencies": {
        "@cornerstonejs/codec-charls": "^0.1.1",
        "@cornerstonejs/codec-libjpeg-turbo-8bit": "^0.0.7",
        "@cornerstonejs/codec-openjpeg": "^0.1.0",
        "dicom-parser": "^1.8.9",
        "pako": "^2.0.4"
      },
      "peerDependencies": {
        "cornerstone-core": "^2.6.0"
      }
    },
    "node_modules/cornerstone-web-image-loader": {
      "version": "2.1.1",
      "resolved": "https://registry.npmjs.org/cornerstone-web-image-loader/-/cornerstone-web-image-loader-2.1.1.tgz",
      "integrity": "sha512-EYT7nLyXMFDeCCQhDkf6czFUm58EgqiTX+tOOLt79gPvbNRdEvPgQoXJgXOd5/3Xuc5QNqzTyOzYtf1v/KH0aA=="
    },
    "node_modules/dicom-parser": {
      "version": "1.8.13",
      "resolved": "https://registry.npmjs.org/dicom-parser/-/dicom-parser-1.8.13.tgz",
      "integrity": "sha512-8M53FPHS4zM3zvu5fdIWdatqrjpiG2+2M6RJ0IxwqLF4gvCYRsqUIusxYaOiNU0sWaptUpnXeZiXunP0LOIcQw=="
    },
    "node_modules/hammerjs": {
      "version": "2.0.8",
      "resolved": "https://registry.npmjs.org/hammerjs/-/hammerjs-2.0.8.tgz",
      "integrity": "sha1-BO93hiz/K7edMPdpIJWTAiK/YPE=",
      "engines": {
        "node": ">=0.8.0"
      }
    },
    "node_modules/pako": {
      "version": "2.0.4",
      "resolved": "https://registry.npmjs.org/pako/-/pako-2.0.4.tgz",
      "integrity": "sha512-v8tweI900AUkZN6heMU/4Uy4cXRc2AYNRggVmTR+dEncawDJgCdLMximOVA2p4qO57WMynangsfGRb5WD6L1Bg=="
    },
    "node_modules/regenerator-runtime": {
      "version": "0.12.1",
      "resolved": "https://registry.npmjs.org/regenerator-runtime/-/regenerator-runtime-0.12.1.tgz",
      "integrity": "sha512-odxIc1/vDlo4iZcfXqRYFj0vpXFNoGdKMAUieAlFYO6m/nl5e9KR/beGf41z4a1FI+aQgtjhuaSlDxQ0hmkrHg=="
    }
  },
  "dependencies": {
    "@babel/runtime": {
      "version": "7.1.2",
      "resolved": "https://registry.npmjs.org/@babel/runtime/-/runtime-7.1.2.tgz",
      "integrity": "sha512-Y3SCjmhSupzFB6wcv1KmmFucH6gDVnI30WjOcicV10ju0cZjak3Jcs67YLIXBrmZYw1xCrVeJPbycFwrqNyxpg==",
      "requires": {
        "regenerator-runtime": "^0.12.0"
      }
    },
    "@cornerstonejs/codec-charls": {
      "version": "0.1.1",
      "resolved": "https://registry.npmjs.org/@cornerstonejs/codec-charls/-/codec-charls-0.1.1.tgz",
      "integrity": "sha512-Y250DGVzmownJ7WgpHxNqWvfTnv4/malaKm/tWm0xE1FxhQE8iErMWFpKxpNDk3MdfXO4/98piVsUwmJMiWoDQ=="
    },
    "@cornerstonejs/codec-libjpeg-turbo-8bit": {
      "version": "0.0.7",
      "resolved": "https://registry.npmjs.org/@cornerstonejs/codec-libjpeg-turbo-8bit/-/codec-libjpeg-turbo-8bit-0.0.7.tgz",
      "integrity": "sha512-qgm6BuVAy5mNP8SJ+A6+VbmPnqgj8jPvJrw4HbUoAzndmf9/VHjTYwawn3kmZWya5ErFAsXQ6c0U0noB1LKAiA=="
    },
    "@cornerstonejs/codec-openjpeg": {
      "version": "0.1.1",
      "resolved": "https://registry.npmjs.org/@cornerstonejs/codec-openjpeg/-/codec-openjpeg-0.1.1.tgz",
      "integrity": "sha512-HOMMOLV6xy8O/agNGGvrl0a8DwShpBvWxAzEzv2pqq12d3r5z/3MyIgNA3Oj/8bIBVvvVXxh9RX7rMDRHJdowg=="
    },
    "cornerstone-core": {
      "version": "2.6.1",
      "resolved": "https://registry.npmjs.org/cornerstone-core/-/cornerstone-core-2.6.1.tgz",
      "integrity": "sha512-LAXjXwNnK2W65ZxpE7phVLjbijkYUrAQIGv5xqKjK8+dmIGlBxqvPHnyGwEqVDyKOWVrpXP6ymUPwrGGRwzgMg=="
    },
    "cornerstone-math": {
      "version": "0.1.9",
      "resolved": "https://registry.npmjs.org/cornerstone-math/-/cornerstone-math-0.1.9.tgz",
      "integrity": "sha512-NxdooV73asEQgav1S+0e+a4K+W3CXJdLXyFkVN24qqCtmIpzZzwtw3F9KWPCekzSAJmbhtQ3HicOQj3d4vRtuw=="
    },
    "cornerstone-tools": {
      "version": "6.0.6",
      "resolved": "https://registry.npmjs.org/cornerstone-tools/-/cornerstone-tools-6.0.6.tgz",
      "integrity": "sha512-t+yksdByljoP/X7CBHfSzmZmLk1o9QCg4CmzspIG6mkRRmZeMf5hxgaM3u0pBdjK1JyxZwzMbavbyl5DG7KxpA==",
      "requires": {
        "@babel/runtime": "7.1.2",
        "cornerstone-math": "0.1.9"
      }
    },
    "cornerstone-wado-image-loader": {
      "version": "4.1.2",
      "resolved": "https://registry.npmjs.org/cornerstone-wado-image-loader/-/cornerstone-wado-image-loader-4.1.2.tgz",
      "integrity": "sha512-9dtCgU6Lidp5wY914rNUckLqNHmjvIzL3uYU8b3EMqb9+tfTRQINm0kJq/rgchiyxnc1AW3FhrDf9DYgcfspyQ==",
      "requires": {
        "@cornerstonejs/codec-charls": "^0.1.1",
        "@cornerstonejs/codec-libjpeg-turbo-8bit": "^0.0.7",
        "@cornerstonejs/codec-openjpeg": "^0.1.0",
        "dicom-parser": "^1.8.9",
        "pako": "^2.0.4"
      }
    },
    "cornerstone-web-image-loader": {
      "version": "2.1.1",
      "resolved": "https://registry.npmjs.org/cornerstone-web-image-loader/-/cornerstone-web-image-loader-2.1.1.tgz",
      "integrity": "sha512-EYT7nLyXMFDeCCQhDkf6czFUm58EgqiTX+tOOLt79gPvbNRdEvPgQoXJgXOd5/3Xuc5QNqzTyOzYtf1v/KH0aA=="
    },
    "dicom-parser": {
      "version": "1.8.13",
      "resolved": "https://registry.npmjs.org/dicom-parser/-/dicom-parser-1.8.13.tgz",
      "integrity": "sha512-8M53FPHS4zM3zvu5fdIWdatqrjpiG2+2M6RJ0IxwqLF4gvCYRsqUIusxYaOiNU0sWaptUpnXeZiXunP0LOIcQw=="
    },
    "hammerjs": {
      "version": "2.0.8",
      "resolved": "https://registry.npmjs.org/hammerjs/-/hammerjs-2.0.8.tgz",
      "integrity": "sha1-BO93hiz/K7edMPdpIJWTAiK/YPE="
    },
    "pako": {
      "version": "2.0.4",
      "resolved": "https://registry.npmjs.org/pako/-/pako-2.0.4.tgz",
      "integrity": "sha512-v8tweI900AUkZN6heMU/4Uy4cXRc2AYNRggVmTR+dEncawDJgCdLMximOVA2p4qO57WMynangsfGRb5WD6L1Bg=="
    },
    "regenerator-runtime": {
      "version": "0.12.1",
      "resolved": "https://registry.npmjs.org/regenerator-runtime/-/regenerator-runtime-0.12.1.tgz",
      "integrity": "sha512-odxIc1/vDlo4iZcfXqRYFj0vpXFNoGdKMAUieAlFYO6m/nl5e9KR/beGf41z4a1FI+aQgtjhuaSlDxQ0hmkrHg=="
    }
  }
}
